
Microsoft Visual Studio Solution File, Format Version 12.00
# Visual Studio Version 17
VisualStudioVersion = 17.14.36518.9 d17.14
MinimumVisualStudioVersion = 10.0.40219.1
Project("{FAE04EC0-301F-11D3-BF4B-00C04F79EFBC}") = "WFS", "WFS\WFS.csproj", "{A17471E5-FCA6-406E-A95D-5CD86DEAADFD}"
EndProject
Global
	GlobalSection(SolutionConfigurationPlatforms) = preSolution
		Debug|Any CPU = Debug|Any CPU
		Release|Any CPU = Release|Any CPU
	EndGlobalSection
	GlobalSection(ProjectConfigurationPlatforms) = postSolution
		{A17471E5-FCA6-406E-A95D-5CD86DEAADFD}.Debug|Any CPU.ActiveCfg = Debug|Any CPU
		{A17471E5-FCA6-406E-A95D-5CD86DEAADFD}.Debug|Any CPU.Build.0 = Debug|Any CPU
		{A17471E5-FCA6-406E-A95D-5CD86DEAADFD}.Release|Any CPU.ActiveCfg = Release|Any CPU
		{A17471E5-FCA6-406E-A95D-5CD86DEAADFD}.Release|Any CPU.Build.0 = Release|Any CPU
	EndGlobalSection
	GlobalSection(SolutionProperties) = preSolution
		HideSolutionNode = FALSE
	EndGlobalSection
	GlobalSection(ExtensibilityGlobals) = postSolution
		SolutionGuid = {DA53B682-28CA-412B-BA04-A78B4E7F5E30}
	EndGlobalSection
EndGlobal
